// !$*UTF8*$!
{
	archiveVersion = 1;
	classes = {
	};
	objectVersion = 46;
	objects = {

/* Begin PBXBuildFile section */
		2073D5D41CEDA6410086A7BF /* main.m in Sources */ = {isa = PBXBuildFile; fileRef = 2073D5D31CEDA6410086A7BF /* main.m */; };
		2073D5D71CEDA6410086A7BF /* AppDelegate.m in Sources */ = {isa = PBXBuildFile; fileRef = 2073D5D61CEDA6410086A7BF /* AppDelegate.m */; };
		2073D5DA1CEDA6410086A7BF /* ViewController.m in Sources */ = {isa = PBXBuildFile; fileRef = 2073D5D91CEDA6410086A7BF /* ViewController.m */; };
		2073D5DD1CEDA6410086A7BF /* Main.storyboard in Resources */ = {isa = PBXBuildFile; fileRef = 2073D5DB1CEDA6410086A7BF /* Main.storyboard */; };
		2073D5DF1CEDA6410086A7BF /* Assets.xcassets in Resources */ = {isa = PBXBuildFile; fileRef = 2073D5DE1CEDA6410086A7BF /* Assets.xcassets */; };
		2073D5E21CEDA6410086A7BF /* LaunchScreen.storyboard in Resources */ = {isa = PBXBuildFile; fileRef = 2073D5E01CEDA6410086A7BF /* LaunchScreen.storyboard */; };
		2073D5ED1CEDA6410086A7BF /* MWLoading_MasterTests.m in Sources */ = {isa = PBXBuildFile; fileRef = 2073D5EC1CEDA6410086A7BF /* MWLoading_MasterTests.m */; };
		2073D5F81CEDA6410086A7BF /* MWLoading_MasterUITests.m in Sources */ = {isa = PBXBuildFile; fileRef = 2073D5F71CEDA6410086A7BF /* MWLoading_MasterUITests.m */; };
		2073D6071CEDA69B0086A7BF /* MWLoadingImagView.m in Sources */ = {isa = PBXBuildFile; fileRef = 2073D6061CEDA69B0086A7BF /* MWLoadingImagView.m */; };
		2073D6091CEDA6BC0086A7BF /* MWLoadingImageView.xib in Resources */ = {isa = PBXBuildFile; fileRef = 2073D6081CEDA6BC0086A7BF /* MWLoadingImageView.xib */; };
/* End PBXBuildFile section */

/* Begin PBXContainerItemProxy section */
		2073D5E91CEDA6410086A7BF /* PBXContainerItemProxy */ = {
			isa = PBXContainerItemProxy;
			containerPortal = 2073D5C71CEDA6410086A7BF /* Project object */;
			proxyType = 1;
			remoteGlobalIDString = 2073D5CE1CEDA6410086A7BF;
			remoteInfo = "MWLoading-Master";
		};
		2073D5F41CEDA6410086A7BF /* PBXContainerItemProxy */ = {
			isa = PBXContainerItemProxy;
			containerPortal = 2073D5C71CEDA6410086A7BF /* Project object */;
			proxyType = 1;
			remoteGlobalIDString = 2073D5CE1CEDA6410086A7BF;
			remoteInfo = "MWLoading-Master";
		};
/* End PBXContainerItemProxy section */

/* Begin PBXFileReference section */
		2073D5CF1CEDA6410086A7BF /* MWLoading-Master.app */ = {isa = PBXFileReference; explicitFileType = wrapper.application; includeInIndex = 0; path = "MWLoading-Master.app"; sourceTree = BUILT_PRODUCTS_DIR; };
		2073D5D31CEDA6410086A7BF /* main.m */ = {isa = PBXFileReference; lastKnownFileType = sourcecode.c.objc; path = main.m; sourceTree = "<group>"; };
		2073D5D51CEDA6410086A7BF /* AppDelegate.h */ = {isa = PBXFileReference; lastKnownFileType = sourcecode.c.h; path = AppDelegate.h; sourceTree = "<group>"; };
		2073D5D61CEDA6410086A7BF /* AppDelegate.m */ = {isa = PBXFileReference; lastKnownFileType = sourcecode.c.objc; path = AppDelegate.m; sourceTree = "<group>"; };
		2073D5D81CEDA6410086A7BF /* ViewController.h */ = {isa = PBXFileReference; lastKnownFileType = sourcecode.c.h; path = ViewController.h; sourceTree = "<group>"; };
		2073D5D91CEDA6410086A7BF /* ViewController.m */ = {isa = PBXFileReference; lastKnownFileType = sourcecode.c.objc; path = ViewController.m; sourceTree = "<group>"; };
		2073D5DC1CEDA6410086A7BF /* Base */ = {isa = PBXFileReference; lastKnownFileType = file.storyboard; name = Base; path = Base.lproj/Main.storyboard; sourceTree = "<group>"; };
		2073D5DE1CEDA6410086A7BF /* Assets.xcassets */ = {isa = PBXFileReference; lastKnownFileType = folder.assetcatalog; path = Assets.xcassets; sourceTree = "<group>"; };
		2073D5E11CEDA6410086A7BF /* Base */ = {isa = PBXFileReference; lastKnownFileType = file.storyboard; name = Base; path = Base.lproj/LaunchScreen.storyboard; sourceTree = "<group>"; };
		2073D5E31CEDA6410086A7BF /* Info.plist */ = {isa = PBXFileReference; lastKnownFileType = text.plist.xml; path = Info.plist; sourceTree = "<group>"; };
		2073D5E81CEDA6410086A7BF /* MWLoading-MasterTests.xctest */ = {isa = PBXFileReference; explicitFileType = wrapper.cfbundle; includeInIndex = 0; path = "MWLoading-MasterTests.xctest"; sourceTree = BUILT_PRODUCTS_DIR; };
		2073D5EC1CEDA6410086A7BF /* MWLoading_MasterTests.m */ = {isa = PBXFileReference; lastKnownFileType = sourcecode.c.objc; path = MWLoading_MasterTests.m; sourceTree = "<group>"; };
		2073D5EE1CEDA6410086A7BF /* Info.plist */ = {isa = PBXFileReference; lastKnownFileType = text.plist.xml; path = Info.plist; sourceTree = "<group>"; };
		2073D5F31CEDA6410086A7BF /* MWLoading-MasterUITests.xctest */ = {isa = PBXFileReference; explicitFileType = wrapper.cfbundle; includeInIndex = 0; path = "MWLoading-MasterUITests.xctest"; sourceTree = BUILT_PRODUCTS_DIR; };
		2073D5F71CEDA6410086A7BF /* MWLoading_MasterUITests.m */ = {isa = PBXFileReference; lastKnownFileType = sourcecode.c.objc; path = MWLoading_MasterUITests.m; sourceTree = "<group>"; };
		2073D5F91CEDA6410086A7BF /* Info.plist */ = {isa = PBXFileReference; lastKnownFileType = text.plist.xml; path = Info.plist; sourceTree = "<group>"; };
		2073D6051CEDA69B0086A7BF /* MWLoadingImagView.h */ = {isa = PBXFileReference; fileEncoding = 4; lastKnownFileType = sourcecode.c.h; path = MWLoadingImagView.h; sourceTree = "<group>"; };
		2073D6061CEDA69B0086A7BF /* MWLoadingImagView.m */ = {isa = PBXFileReference; fileEncoding = 4; lastKnownFileType = sourcecode.c.objc; path = MWLoadingImagView.m; sourceTree = "<group>"; };
		2073D6081CEDA6BC0086A7BF /* MWLoadingImageView.xib */ = {isa = PBXFileReference; fileEncoding = 4; lastKnownFileType = file.xib; path = MWLoadingImageView.xib; sourceTree = "<group>"; };
/* End PBXFileReference section */

/* Begin PBXFrameworksBuildPhase section */
		2073D5CC1CEDA6410086A7BF /* Frameworks */ = {
			isa = PBXFrameworksBuildPhase;
			buildActionMask = 2147483647;
			files = (
			);
			runOnlyForDeploymentPostprocessing = 0;
		};
		2073D5E51CEDA6410086A7BF /* Frameworks */ = {
			isa = PBXFrameworksBuildPhase;
			buildActionMask = 2147483647;
			files = (
			);
			runOnlyForDeploymentPostprocessing = 0;
		};
		2073D5F01CEDA6410086A7BF /* Frameworks */ = {
			isa = PBXFrameworksBuildPhase;
			buildActionMask = 2147483647;
			files = (
			);
			runOnlyForDeploymentPostprocessing = 0;
		};
/* End PBXFrameworksBuildPhase section */

/* Begin PBXGroup section */
		2073D5C61CEDA6410086A7BF = {
			isa = PBXGroup;
			children = (
				2073D5D11CEDA6410086A7BF /* MWLoading-Master */,
				2073D5EB1CEDA6410086A7BF /* MWLoading-MasterTests */,
				2073D5F61CEDA6410086A7BF /* MWLoading-MasterUITests */,
				2073D5D01CEDA6410086A7BF /* Products */,
			);
			sourceTree = "<group>";
		};
		2073D5D01CEDA6410086A7BF /* Products */ = {
			isa = PBXGroup;
			children = (
				2073D5CF1CEDA6410086A7BF /* MWLoading-Master.app */,
				2073D5E81CEDA6410086A7BF /* MWLoading-MasterTests.xctest */,
				2073D5F31CEDA6410086A7BF /* MWLoading-MasterUITests.xctest */,
			);
			name = Products;
			sourceTree = "<group>";
		};
		2073D5D11CEDA6410086A7BF /* MWLoading-Master */ = {
			isa = PBXGroup;
			children = (
				2073D6051CEDA69B0086A7BF /* MWLoadingImagView.h */,
				2073D6061CEDA69B0086A7BF /* MWLoadingImagView.m */,
				2073D6081CEDA6BC0086A7BF /* MWLoadingImageView.xib */,
				2073D5D51CEDA6410086A7BF /* AppDelegate.h */,
				2073D5D61CEDA6410086A7BF /* AppDelegate.m */,
				2073D5D81CEDA6410086A7BF /* ViewController.h */,
				2073D5D91CEDA6410086A7BF /* ViewController.m */,
				2073D5DB1CEDA6410086A7BF /* Main.storyboard */,
				2073D5DE1CEDA6410086A7BF /* Assets.xcassets */,
				2073D5E01CEDA6410086A7BF /* LaunchScreen.storyboard */,
				2073D5E31CEDA6410086A7BF /* Info.plist */,
				2073D5D21CEDA6410086A7BF /* Supporting Files */,
			);
			path = "MWLoading-Master";
			sourceTree = "<group>";
		};
		2073D5D21CEDA6410086A7BF /* Supporting Files */ = {
			isa = PBXGroup;
			children = (
				2073D5D31CEDA6410086A7BF /* main.m */,
			);
			name = "Supporting Files";
			sourceTree = "<group>";
		};
		2073D5EB1CEDA6410086A7BF /* MWLoading-MasterTests */ = {
			isa = PBXGroup;
			children = (
				2073D5EC1CEDA6410086A7BF /* MWLoading_MasterTests.m */,
				2073D5EE1CEDA6410086A7BF /* Info.plist */,
			);
			path = "MWLoading-MasterTests";
			sourceTree = "<group>";
		};
		2073D5F61CEDA6410086A7BF /* MWLoading-MasterUITests */ = {
			isa = PBXGroup;
			children = (
				2073D5F71CEDA6410086A7BF /* MWLoading_MasterUITests.m */,
				2073D5F91CEDA6410086A7BF /* Info.plist */,
			);
			path = "MWLoading-MasterUITests";
			sourceTree = "<group>";
		};
/* End PBXGroup section */

/* Begin PBXNativeTarget section */
		2073D5CE1CEDA6410086A7BF /* MWLoading-Master */ = {
			isa = PBXNativeTarget;
			buildConfigurationList = 2073D5FC1CEDA6410086A7BF /* Build configuration list for PBXNativeTarget "MWLoading-Master" */;
			buildPhases = (
				2073D5CB1CEDA6410086A7BF /* Sources */,
				2073D5CC1CEDA6410086A7BF /* Frameworks */,
				2073D5CD1CEDA6410086A7BF /* Resources */,
			);
			buildRules = (
			);
			dependencies = (
			);
			name = "MWLoading-Master";
			productName = "MWLoading-Master";
			productReference = 2073D5CF1CEDA6410086A7BF /* MWLoading-Master.app */;
			productType = "com.apple.product-type.application";
		};
		2073D5E71CEDA6410086A7BF /* MWLoading-MasterTests */ = {
			isa = PBXNativeTarget;
			buildConfigurationList = 2073D5FF1CEDA6410086A7BF /* Build configuration list for PBXNativeTarget "MWLoading-MasterTests" */;
			buildPhases = (
				2073D5E41CEDA6410086A7BF /* Sources */,
				2073D5E51CEDA6410086A7BF /* Frameworks */,
				2073D5E61CEDA6410086A7BF /* Resources */,
			);
			buildRules = (
			);
			dependencies = (
				2073D5EA1CEDA6410086A7BF /* PBXTargetDependency */,
			);
			name = "MWLoading-MasterTests";
			productName = "MWLoading-MasterTests";
			productReference = 2073D5E81CEDA6410086A7BF /* MWLoading-MasterTests.xctest */;
			productType = "com.apple.product-type.bundle.unit-test";
		};
		2073D5F21CEDA6410086A7BF /* MWLoading-MasterUITests */ = {
			isa = PBXNativeTarget;
			buildConfigurationList = 2073D6021CEDA6410086A7BF /* Build configuration list for PBXNativeTarget "MWLoading-MasterUITests" */;
			buildPhases = (
				2073D5EF1CEDA6410086A7BF /* Sources */,
				2073D5F01CEDA6410086A7BF /* Frameworks */,
				2073D5F11CEDA6410086A7BF /* Resources */,
			);
			buildRules = (
			);
			dependencies = (
				2073D5F51CEDA6410086A7BF /* PBXTargetDependency */,
			);
			name = "MWLoading-MasterUITests";
			productName = "MWLoading-MasterUITests";
			productReference = 2073D5F31CEDA6410086A7BF /* MWLoading-MasterUITests.xctest */;
			productType = "com.apple.product-type.bundle.ui-testing";
		};
/* End PBXNativeTarget section */

/* Begin PBXProject section */
		2073D5C71CEDA6410086A7BF /* Project object */ = {
			isa = PBXProject;
			attributes = {
				LastUpgradeCheck = 0730;
				ORGANIZATIONNAME = "夏明伟";
				TargetAttributes = {
					2073D5CE1CEDA6410086A7BF = {
						CreatedOnToolsVersion = 7.3.1;
					};
					2073D5E71CEDA6410086A7BF = {
						CreatedOnToolsVersion = 7.3.1;
						TestTargetID = 2073D5CE1CEDA6410086A7BF;
					};
					2073D5F21CEDA6410086A7BF = {
						CreatedOnToolsVersion = 7.3.1;
						TestTargetID = 2073D5CE1CEDA6410086A7BF;
					};
				};
			};
			buildConfigurationList = 2073D5CA1CEDA6410086A7BF /* Build configuration list for PBXProject "MWLoading-Master" */;
			compatibilityVersion = "Xcode 3.2";
			developmentRegion = English;
			hasScannedForEncodings = 0;
			knownRegions = (
				en,
				Base,
			);
			mainGroup = 2073D5C61CEDA6410086A7BF;
			productRefGroup = 2073D5D01CEDA6410086A7BF /* Products */;
			projectDirPath = "";
			projectRoot = "";
			targets = (
				2073D5CE1CEDA6410086A7BF /* MWLoading-Master */,
				2073D5E71CEDA6410086A7BF /* MWLoading-MasterTests */,
				2073D5F21CEDA6410086A7BF /* MWLoading-MasterUITests */,
			);
		};
/* End PBXProject section */

/* Begin PBXResourcesBuildPhase section */
		2073D5CD1CEDA6410086A7BF /* Resources */ = {
			isa = PBXResourcesBuildPhase;
			buildActionMask = 2147483647;
			files = (
				2073D5E21CEDA6410086A7BF /* LaunchScreen.storyboard in Resources */,
				2073D5DF1CEDA6410086A7BF /* Assets.xcassets in Resources */,
				2073D5DD1CEDA6410086A7BF /* Main.storyboard in Resources */,
				2073D6091CEDA6BC0086A7BF /* MWLoadingImageView.xib in Resources */,
			);
			runOnlyForDeploymentPostprocessing = 0;
		};
		2073D5E61CEDA6410086A7BF /* Resources */ = {
			isa = PBXResourcesBuildPhase;
			buildActionMask = 2147483647;
			files = (
			);
			runOnlyForDeploymentPostprocessing = 0;
		};
		2073D5F11CEDA6410086A7BF /* Resources */ = {
			isa = PBXResourcesBuildPhase;
			buildActionMask = 2147483647;
			files = (
			);
			runOnlyForDeploymentPostprocessing = 0;
		};
/* End PBXResourcesBuildPhase section */

/* Begin PBXSourcesBuildPhase section */
		2073D5CB1CEDA6410086A7BF /* Sources */ = {
			isa = PBXSourcesBuildPhase;
			buildActionMask = 2147483647;
			files = (
				2073D5DA1CEDA6410086A7BF /* ViewController.m in Sources */,
				2073D6071CEDA69B0086A7BF /* MWLoadingImagView.m in Sources */,
				2073D5D71CEDA6410086A7BF /* AppDelegate.m in Sources */,
				2073D5D41CEDA6410086A7BF /* main.m in Sources */,
			);
			runOnlyForDeploymentPostprocessing = 0;
		};
		2073D5E41CEDA6410086A7BF /* Sources */ = {
			isa = PBXSourcesBuildPhase;
			buildActionMask = 2147483647;
			files = (
				2073D5ED1CEDA6410086A7BF /* MWLoading_MasterTests.m in Sources */,
			);
			runOnlyForDeploymentPostprocessing = 0;
		};
		2073D5EF1CEDA6410086A7BF /* Sources */ = {
			isa = PBXSourcesBuildPhase;
			buildActionMask = 2147483647;
			files = (
				2073D5F81CEDA6410086A7BF /* MWLoading_MasterUITests.m in Sources */,
			);
			runOnlyForDeploymentPostprocessing = 0;
		};
/* End PBXSourcesBuildPhase section */

/* Begin PBXTargetDependency section */
		2073D5EA1CEDA6410086A7BF /* PBXTargetDependency */ = {
			isa = PBXTargetDependency;
			target = 2073D5CE1CEDA6410086A7BF /* MWLoading-Master */;
			targetProxy = 2073D5E91CEDA6410086A7BF /* PBXContainerItemProxy */;
		};
		2073D5F51CEDA6410086A7BF /* PBXTargetDependency */ = {
			isa = PBXTargetDependency;
			target = 2073D5CE1CEDA6410086A7BF /* MWLoading-Master */;
			targetProxy = 2073D5F41CEDA6410086A7BF /* PBXContainerItemProxy */;
		};
/* End PBXTargetDependency section */

/* Begin PBXVariantGroup section */
		2073D5DB1CEDA6410086A7BF /* Main.storyboard */ = {
			isa = PBXVariantGroup;
			children = (
				2073D5DC1CEDA6410086A7BF /* Base */,
			);
			name = Main.storyboard;
			sourceTree = "<group>";
		};
		2073D5E01CEDA6410086A7BF /* LaunchScreen.storyboard */ = {
			isa = PBXVariantGroup;
			children = (
				2073D5E11CEDA6410086A7BF /* Base */,
			);
			name = LaunchScreen.storyboard;
			sourceTree = "<group>";
		};
/* End PBXVariantGroup section */

/* Begin XCBuildConfiguration section */
		2073D5FA1CEDA6410086A7BF /* Debug */ = {
			isa = XCBuildConfiguration;
			buildSettings = {
				ALWAYS_SEARCH_USER_PATHS = NO;
				CLANG_ANALYZER_NONNULL = YES;
				CLANG_CXX_LANGUAGE_STANDARD = "gnu++0x";
				CLANG_CXX_LIBRARY = "libc++";
				CLANG_ENABLE_MODULES = YES;
				CLANG_ENABLE_OBJC_ARC = YES;
				CLANG_WARN_BOOL_CONVERSION = YES;
				CLANG_WARN_CONSTANT_CONVERSION = YES;
				CLANG_WARN_DIRECT_OBJC_ISA_USAGE = YES_ERROR;
				CLANG_WARN_EMPTY_BODY = YES;
				CLANG_WARN_ENUM_CONVERSION = YES;
				CLANG_WARN_INT_CONVERSION = YES;
				CLANG_WARN_OBJC_ROOT_CLASS = YES_ERROR;
				CLANG_WARN_UNREACHABLE_CODE = YES;
				CLANG_WARN__DUPLICATE_METHOD_MATCH = YES;
				"CODE_SIGN_IDENTITY[sdk=iphoneos*]" = "iPhone Developer";
				COPY_PHASE_STRIP = NO;
				DEBUG_INFORMATION_FORMAT = dwarf;
				ENABLE_STRICT_OBJC_MSGSEND = YES;
				ENABLE_TESTABILITY = YES;
				GCC_C_LANGUAGE_STANDARD = gnu99;
				GCC_DYNAMIC_NO_PIC = NO;
				GCC_NO_COMMON_BLOCKS = YES;
				GCC_OPTIMIZATION_LEVEL = 0;
				GCC_PREPROCESSOR_DEFINITIONS = (
					"DEBUG=1",
					"$(inherited)",
				);
				GCC_WARN_64_TO_32_BIT_CONVERSION = YES;
				GCC_WARN_ABOUT_RETURN_TYPE = YES_ERROR;
				GCC_WARN_UNDECLARED_SELECTOR = YES;
				GCC_WARN_UNINITIALIZED_AUTOS = YES_AGGRESSIVE;
				GCC_WARN_UNUSED_FUNCTION = YES;
				GCC_WARN_UNUSED_VARIABLE = YES;
				IPHONEOS_DEPLOYMENT_TARGET = 9.3;
				MTL_ENABLE_DEBUG_INFO = YES;
				ONLY_ACTIVE_ARCH = YES;
				SDKROOT = iphoneos;
			};
			name = Debug;
		};
		2073D5FB1CEDA6410086A7BF /* Release */ = {
			isa = XCBuildConfiguration;
			buildSettings = {
				ALWAYS_SEARCH_USER_PATHS = NO;
				CLANG_ANALYZER_NONNULL = YES;
				CLANG_CXX_LANGUAGE_STANDARD = "gnu++0x";
				CLANG_CXX_LIBRARY = "libc++";
				CLANG_ENABLE_MODULES = YES;
				CLANG_ENABLE_OBJC_ARC = YES;
				CLANG_WARN_BOOL_CONVERSION = YES;
				CLANG_WARN_CONSTANT_CONVERSION = YES;
				CLANG_WARN_DIRECT_OBJC_ISA_USAGE = YES_ERROR;
				CLANG_WARN_EMPTY_BODY = YES;
				CLANG_WARN_ENUM_CONVERSION = YES;
				CLANG_WARN_INT_CONVERSION = YES;
				CLANG_WARN_OBJC_ROOT_CLASS = YES_ERROR;
				CLANG_WARN_UNREACHABLE_CODE = YES;
				CLANG_WARN__DUPLICATE_METHOD_MATCH = YES;
				"CODE_SIGN_IDENTITY[sdk=iphoneos*]" = "iPhone Developer";
				COPY_PHASE_STRIP = NO;
				DEBUG_INFORMATION_FORMAT = "dwarf-with-dsym";
				ENABLE_NS_ASSERTIONS = NO;
				ENABLE_STRICT_OBJC_MSGSEND = YES;
				GCC_C_LANGUAGE_STANDARD = gnu99;
				GCC_NO_COMMON_BLOCKS = YES;
				GCC_WARN_64_TO_32_BIT_CONVERSION = YES;
				GCC_WARN_ABOUT_RETURN_TYPE = YES_ERROR;
				GCC_WARN_UNDECLARED_SELECTOR = YES;
				GCC_WARN_UNINITIALIZED_AUTOS = YES_AGGRESSIVE;
				GCC_WARN_UNUSED_FUNCTION = YES;
				GCC_WARN_UNUSED_VARIABLE = YES;
				IPHONEOS_DEPLOYMENT_TARGET = 9.3;
				MTL_ENABLE_DEBUG_INFO = NO;
				SDKROOT = iphoneos;
				VALIDATE_PRODUCT = YES;
			};
			name = Release;
		};
		2073D5FD1CEDA6410086A7BF /* Debug */ = {
			isa = XCBuildConfiguration;
			buildSettings = {
				ASSETCATALOG_COMPILER_APPICON_NAME = AppIcon;
				INFOPLIST_FILE = "MWLoading-Master/Info.plist";
				LD_RUNPATH_SEARCH_PATHS = "$(inherited) @executable_path/Frameworks";
				PRODUCT_BUNDLE_IDENTIFIER = "com.sino.MWLoading-Master";
				PRODUCT_NAME = "$(TARGET_NAME)";
			};
			name = Debug;
		};
		2073D5FE1CEDA6410086A7BF /* Release */ = {
			isa = XCBuildConfiguration;
			buildSettings = {
				ASSETCATALOG_COMPILER_APPICON_NAME = AppIcon;
				INFOPLIST_FILE = "MWLoading-Master/Info.plist";
				LD_RUNPATH_SEARCH_PATHS = "$(inherited) @executable_path/Frameworks";
				PRODUCT_BUNDLE_IDENTIFIER = "com.sino.MWLoading-Master";
				PRODUCT_NAME = "$(TARGET_NAME)";
			};
			name = Release;
		};
		2073D6001CEDA6410086A7BF /* Debug */ = {
			isa = XCBuildConfiguration;
			buildSettings = {
				BUNDLE_LOADER = "$(TEST_HOST)";
				INFOPLIST_FILE = "MWLoading-MasterTests/Info.plist";
				LD_RUNPATH_SEARCH_PATHS = "$(inherited) @executable_path/Frameworks @loader_path/Frameworks";
				PRODUCT_BUNDLE_IDENTIFIER = "com.sino.MWLoading-MasterTests";
				PRODUCT_NAME = "$(TARGET_NAME)";
				TEST_HOST = "$(BUILT_PRODUCTS_DIR)/MWLoading-Master.app/MWLoading-Master";
			};
			name = Debug;
		};
		2073D6011CEDA6410086A7BF /* Release */ = {
			isa = XCBuildConfiguration;
			buildSettings = {
				BUNDLE_LOADER = "$(TEST_HOST)";
				INFOPLIST_FILE = "MWLoading-MasterTests/Info.plist";
				LD_RUNPATH_SEARCH_PATHS = "$(inherited) @executable_path/Frameworks @loader_path/Frameworks";
				PRODUCT_BUNDLE_IDENTIFIER = "com.sino.MWLoading-MasterTests";
				PRODUCT_NAME = "$(TARGET_NAME)";
				TEST_HOST = "$(BUILT_PRODUCTS_DIR)/MWLoading-Master.app/MWLoading-Master";
			};
			name = Release;
		};
		2073D6031CEDA6410086A7BF /* Debug */ = {
			isa = XCBuildConfiguration;
			buildSettings = {
				INFOPLIST_FILE = "MWLoading-MasterUITests/Info.plist";
				LD_RUNPATH_SEARCH_PATHS = "$(inherited) @executable_path/Frameworks @loader_path/Frameworks";
				PRODUCT_BUNDLE_IDENTIFIER = "com.sino.MWLoading-MasterUITests";
				PRODUCT_NAME = "$(TARGET_NAME)";
				TEST_TARGET_NAME = "MWLoading-Master";
			};
			name = Debug;
		};
		2073D6041CEDA6410086A7BF /* Release */ = {
			isa = XCBuildConfiguration;
			buildSettings = {
				INFOPLIST_FILE = "MWLoading-MasterUITests/Info.plist";
				LD_RUNPATH_SEARCH_PATHS = "$(inherited) @executable_path/Frameworks @loader_path/Frameworks";
				PRODUCT_BUNDLE_IDENTIFIER = "com.sino.MWLoading-MasterUITests";
				PRODUCT_NAME = "$(TARGET_NAME)";
				TEST_TARGET_NAME = "MWLoading-Master";
			};
			name = Release;
		};
/* End XCBuildConfiguration section */

/* Begin XCConfigurationList section */
		2073D5CA1CEDA6410086A7BF /* Build configuration list for PBXProject "MWLoading-Master" */ = {
			isa = XCConfigurationList;
			buildConfigurations = (
				2073D5FA1CEDA6410086A7BF /* Debug */,
				2073D5FB1CEDA6410086A7BF /* Release */,
			);
			defaultConfigurationIsVisible = 0;
			defaultConfigurationName = Release;
		};
		2073D5FC1CEDA6410086A7BF /* Build configuration list for PBXNativeTarget "MWLoading-Master" */ = {
			isa = XCConfigurationList;
			buildConfigurations = (
				2073D5FD1CEDA6410086A7BF /* Debug */,
				2073D5FE1CEDA6410086A7BF /* Release */,
			);
			defaultConfigurationIsVisible = 0;
		};
		2073D5FF1CEDA6410086A7BF /* Build configuration list for PBXNativeTarget "MWLoading-MasterTests" */ = {
			isa = XCConfigurationList;
			buildConfigurations = (
				2073D6001CEDA6410086A7BF /* Debug */,
				2073D6011CEDA6410086A7BF /* Release */,
			);
			defaultConfigurationIsVisible = 0;
		};
		2073D6021CEDA6410086A7BF /* Build configuration list for PBXNativeTarget "MWLoading-MasterUITests" */ = {
			isa = XCConfigurationList;
			buildConfigurations = (
				2073D6031CEDA6410086A7BF /* Debug */,
				2073D6041CEDA6410086A7BF /* Release */,
			);
			defaultConfigurationIsVisible = 0;
		};
/* End XCConfigurationList section */
	};
	rootObject = 2073D5C71CEDA6410086A7BF /* Project object */;
}
